
Microsoft Visual Studio Solution File, Format Version 12.00
Project("{FAE04EC0-301F-11D3-BF4B-00C04F79EFBC}") = "BurntToast", "BurntToast\BurntToast.csproj", "{5CE2DA47-46A2-461F-8F58-B104451F52CF}"
EndProject
Project("{FAE04EC0-301F-11D3-BF4B-00C04F79EFBC}") = "BurntToast.Tests", "BurntToast.Tests\BurntToast.Tests.csproj", "{78DF6E16-E8CA-4484-9D8F-8DAFDD1775BB}"
EndProject
Global
	GlobalSection(SolutionConfigurationPlatforms) = preSolution
		Debug|Any CPU = Debug|Any CPU
		Release|Any CPU = Release|Any CPU
	EndGlobalSection
	GlobalSection(ProjectConfigurationPlatforms) = postSolution
		{5CE2DA47-46A2-461F-8F58-B104451F52CF}.Debug|Any CPU.ActiveCfg = Debug|Any CPU
		{5CE2DA47-46A2-461F-8F58-B104451F52CF}.Debug|Any CPU.Build.0 = Debug|Any CPU
		{5CE2DA47-46A2-461F-8F58-B104451F52CF}.Release|Any CPU.ActiveCfg = Release|Any CPU
		{5CE2DA47-46A2-461F-8F58-B104451F52CF}.Release|Any CPU.Build.0 = Release|Any CPU
		{78DF6E16-E8CA-4484-9D8F-8DAFDD1775BB}.Debug|Any CPU.ActiveCfg = Debug|Any CPU
		{78DF6E16-E8CA-4484-9D8F-8DAFDD1775BB}.Debug|Any CPU.Build.0 = Debug|Any CPU
		{78DF6E16-E8CA-4484-9D8F-8DAFDD1775BB}.Release|Any CPU.ActiveCfg = Release|Any CPU
		{78DF6E16-E8CA-4484-9D8F-8DAFDD1775BB}.Release|Any CPU.Build.0 = Release|Any CPU
	EndGlobalSection
EndGlobal
